
Microsoft Visual Studio Solution File, Format Version 12.00
# Visual Studio Version 16
VisualStudioVersion = 16.0.30907.101
MinimumVisualStudioVersion = 10.0.40219.1
Project("{FAE04EC0-301F-11D3-BF4B-00C04F79EFBC}") = "Hu_ProgettoBiblio", "Hu_ProgettoBiblio\Hu_ProgettoBiblio.csproj", "{BD654BD7-DDF1-49CF-92AA-0D4CDB21701D}"
EndProject
Global
	GlobalSection(SolutionConfigurationPlatforms) = preSolution
		Debug|Any CPU = Debug|Any CPU
		Release|Any CPU = Release|Any CPU
	EndGlobalSection
	GlobalSection(ProjectConfigurationPlatforms) = postSolution
		{BD654BD7-DDF1-49CF-92AA-0D4CDB21701D}.Debug|Any CPU.ActiveCfg = Debug|Any CPU
		{BD654BD7-DDF1-49CF-92AA-0D4CDB21701D}.Debug|Any CPU.Build.0 = Debug|Any CPU
		{BD654BD7-DDF1-49CF-92AA-0D4CDB21701D}.Release|Any CPU.ActiveCfg = Release|Any CPU
		{BD654BD7-DDF1-49CF-92AA-0D4CDB21701D}.Release|Any CPU.Build.0 = Release|Any CPU
	EndGlobalSection
	GlobalSection(SolutionProperties) = preSolution
		HideSolutionNode = FALSE
	EndGlobalSection
	GlobalSection(ExtensibilityGlobals) = postSolution
		SolutionGuid = {7E03DCAD-3054-4238-99AC-DB1F6328E2C7}
	EndGlobalSection
EndGlobal
